
Microsoft Visual Studio Solution File, Format Version 12.00
Project("{FAE04EC0-301F-11D3-BF4B-00C04F79EFBC}") = "Repl", "Repl\Repl.csproj", "{6F2BD6B4-3B99-40DE-A755-0317CD1B6537}"
EndProject
Project("{2150E333-8FDC-42A3-9474-1A3956D46DE8}") = "Pipe", "Pipe", "{3C2BA53E-1D52-438D-859C-9BC4021CE28F}"
EndProject
Project("{FAE04EC0-301F-11D3-BF4B-00C04F79EFBC}") = "Pipe", "Pipe\Pipe\Pipe.csproj", "{4838DFD0-C03E-4DFF-A7FE-1A8ED2CEFC7A}"
EndProject
Project("{FAE04EC0-301F-11D3-BF4B-00C04F79EFBC}") = "PipeTests", "Pipe\PipeTests\PipeTests.csproj", "{B966F05E-3BE2-4D79-9C96-667EC131846A}"
EndProject
Project("{2150E333-8FDC-42A3-9474-1A3956D46DE8}") = "Match", "Match", "{EAEA4CDA-1AB2-407D-8728-3030950B48D2}"
EndProject
Project("{FAE04EC0-301F-11D3-BF4B-00C04F79EFBC}") = "Match", "Match\Match\Match.csproj", "{D6A81936-77E3-42BB-816F-526037F0B883}"
EndProject
Project("{FAE04EC0-301F-11D3-BF4B-00C04F79EFBC}") = "MatchTests", "Match\MatchTests\MatchTests.csproj", "{5EDFF24F-93B0-4146-B937-78C554BC8A4C}"
EndProject
Project("{2150E333-8FDC-42A3-9474-1A3956D46DE8}") = "In", "In", "{009BF701-C80D-4A7F-9D2C-E686421A2AD8}"
EndProject
Project("{FAE04EC0-301F-11D3-BF4B-00C04F79EFBC}") = "In", "In\In\In.csproj", "{9F62D286-C393-41FF-A063-D3D11089AEF1}"
EndProject
Project("{FAE04EC0-301F-11D3-BF4B-00C04F79EFBC}") = "InTests", "In\InTests\InTests.csproj", "{BFCE6BBA-625A-47AA-AAD8-61C21F280759}"
EndProject
Project("{2150E333-8FDC-42A3-9474-1A3956D46DE8}") = "Combinatorics", "Combinatorics", "{D6906695-7784-4E85-9AEE-2859132D5813}"
EndProject
Project("{FAE04EC0-301F-11D3-BF4B-00C04F79EFBC}") = "Combinatorics", "Combinatorics\Combinatorics\Combinatorics.csproj", "{13974455-14F7-408F-96EF-B38FE9DE575A}"
EndProject
Project("{FAE04EC0-301F-11D3-BF4B-00C04F79EFBC}") = "CombinatoricsTests", "Combinatorics\CombinatoricsTests\CombinatoricsTests.csproj", "{E5580632-CD95-4F26-BEE9-2844D735AC86}"
EndProject
Project("{2150E333-8FDC-42A3-9474-1A3956D46DE8}") = "ControlFunctions", "ControlFunctions", "{3253DC0B-61DA-40CF-BDCE-2B3E64B1B62C}"
EndProject
Project("{FAE04EC0-301F-11D3-BF4B-00C04F79EFBC}") = "ControlFunctions", "ControlFunctions\ControlFunctions\ControlFunctions.csproj", "{F308E2D4-9250-44BD-A25E-78C260F9A807}"
EndProject
Project("{FAE04EC0-301F-11D3-BF4B-00C04F79EFBC}") = "ControlFunctionsTests", "ControlFunctions\ControlFunctionsTests\ControlFunctionsTests.csproj", "{D1AD3EF0-4A6F-417E-A195-BAC952940395}"
EndProject
Project("{2150E333-8FDC-42A3-9474-1A3956D46DE8}") = "Memoize", "Memoize", "{525EBC66-81AC-4FCB-827B-2A95AE86FF0B}"
EndProject
Project("{FAE04EC0-301F-11D3-BF4B-00C04F79EFBC}") = "Memoize", "Memoize\Memoize\Memoize.csproj", "{5FC352CE-449F-4C5F-9A0D-3F8B6D4458EB}"
EndProject
Project("{FAE04EC0-301F-11D3-BF4B-00C04F79EFBC}") = "MemoizeTests", "Memoize\MemoizeTests\MemoizeTests.csproj", "{585CC091-5A35-4166-A4C5-2D1A552CA235}"
EndProject
Global
	GlobalSection(SolutionConfigurationPlatforms) = preSolution
		Debug|Any CPU = Debug|Any CPU
		Release|Any CPU = Release|Any CPU
	EndGlobalSection
	GlobalSection(ProjectConfigurationPlatforms) = postSolution
		{6F2BD6B4-3B99-40DE-A755-0317CD1B6537}.Debug|Any CPU.ActiveCfg = Debug|Any CPU
		{6F2BD6B4-3B99-40DE-A755-0317CD1B6537}.Debug|Any CPU.Build.0 = Debug|Any CPU
		{6F2BD6B4-3B99-40DE-A755-0317CD1B6537}.Release|Any CPU.ActiveCfg = Release|Any CPU
		{6F2BD6B4-3B99-40DE-A755-0317CD1B6537}.Release|Any CPU.Build.0 = Release|Any CPU
		{4838DFD0-C03E-4DFF-A7FE-1A8ED2CEFC7A}.Debug|Any CPU.ActiveCfg = Debug|Any CPU
		{4838DFD0-C03E-4DFF-A7FE-1A8ED2CEFC7A}.Debug|Any CPU.Build.0 = Debug|Any CPU
		{4838DFD0-C03E-4DFF-A7FE-1A8ED2CEFC7A}.Release|Any CPU.ActiveCfg = Release|Any CPU
		{4838DFD0-C03E-4DFF-A7FE-1A8ED2CEFC7A}.Release|Any CPU.Build.0 = Release|Any CPU
		{B966F05E-3BE2-4D79-9C96-667EC131846A}.Debug|Any CPU.ActiveCfg = Debug|Any CPU
		{B966F05E-3BE2-4D79-9C96-667EC131846A}.Debug|Any CPU.Build.0 = Debug|Any CPU
		{B966F05E-3BE2-4D79-9C96-667EC131846A}.Release|Any CPU.ActiveCfg = Release|Any CPU
		{B966F05E-3BE2-4D79-9C96-667EC131846A}.Release|Any CPU.Build.0 = Release|Any CPU
		{D6A81936-77E3-42BB-816F-526037F0B883}.Debug|Any CPU.ActiveCfg = Debug|Any CPU
		{D6A81936-77E3-42BB-816F-526037F0B883}.Debug|Any CPU.Build.0 = Debug|Any CPU
		{D6A81936-77E3-42BB-816F-526037F0B883}.Release|Any CPU.ActiveCfg = Release|Any CPU
		{D6A81936-77E3-42BB-816F-526037F0B883}.Release|Any CPU.Build.0 = Release|Any CPU
		{5EDFF24F-93B0-4146-B937-78C554BC8A4C}.Debug|Any CPU.ActiveCfg = Debug|Any CPU
		{5EDFF24F-93B0-4146-B937-78C554BC8A4C}.Debug|Any CPU.Build.0 = Debug|Any CPU
		{5EDFF24F-93B0-4146-B937-78C554BC8A4C}.Release|Any CPU.ActiveCfg = Release|Any CPU
		{5EDFF24F-93B0-4146-B937-78C554BC8A4C}.Release|Any CPU.Build.0 = Release|Any CPU
		{9F62D286-C393-41FF-A063-D3D11089AEF1}.Debug|Any CPU.ActiveCfg = Debug|Any CPU
		{9F62D286-C393-41FF-A063-D3D11089AEF1}.Debug|Any CPU.Build.0 = Debug|Any CPU
		{9F62D286-C393-41FF-A063-D3D11089AEF1}.Release|Any CPU.ActiveCfg = Release|Any CPU
		{9F62D286-C393-41FF-A063-D3D11089AEF1}.Release|Any CPU.Build.0 = Release|Any CPU
		{BFCE6BBA-625A-47AA-AAD8-61C21F280759}.Debug|Any CPU.ActiveCfg = Debug|Any CPU
		{BFCE6BBA-625A-47AA-AAD8-61C21F280759}.Debug|Any CPU.Build.0 = Debug|Any CPU
		{BFCE6BBA-625A-47AA-AAD8-61C21F280759}.Release|Any CPU.ActiveCfg = Release|Any CPU
		{BFCE6BBA-625A-47AA-AAD8-61C21F280759}.Release|Any CPU.Build.0 = Release|Any CPU
		{13974455-14F7-408F-96EF-B38FE9DE575A}.Debug|Any CPU.ActiveCfg = Debug|Any CPU
		{13974455-14F7-408F-96EF-B38FE9DE575A}.Debug|Any CPU.Build.0 = Debug|Any CPU
		{13974455-14F7-408F-96EF-B38FE9DE575A}.Release|Any CPU.ActiveCfg = Release|Any CPU
		{13974455-14F7-408F-96EF-B38FE9DE575A}.Release|Any CPU.Build.0 = Release|Any CPU
		{E5580632-CD95-4F26-BEE9-2844D735AC86}.Debug|Any CPU.ActiveCfg = Debug|Any CPU
		{E5580632-CD95-4F26-BEE9-2844D735AC86}.Debug|Any CPU.Build.0 = Debug|Any CPU
		{E5580632-CD95-4F26-BEE9-2844D735AC86}.Release|Any CPU.ActiveCfg = Release|Any CPU
		{E5580632-CD95-4F26-BEE9-2844D735AC86}.Release|Any CPU.Build.0 = Release|Any CPU
		{F308E2D4-9250-44BD-A25E-78C260F9A807}.Debug|Any CPU.ActiveCfg = Debug|Any CPU
		{F308E2D4-9250-44BD-A25E-78C260F9A807}.Debug|Any CPU.Build.0 = Debug|Any CPU
		{F308E2D4-9250-44BD-A25E-78C260F9A807}.Release|Any CPU.ActiveCfg = Release|Any CPU
		{F308E2D4-9250-44BD-A25E-78C260F9A807}.Release|Any CPU.Build.0 = Release|Any CPU
		{D1AD3EF0-4A6F-417E-A195-BAC952940395}.Debug|Any CPU.ActiveCfg = Debug|Any CPU
		{D1AD3EF0-4A6F-417E-A195-BAC952940395}.Debug|Any CPU.Build.0 = Debug|Any CPU
		{D1AD3EF0-4A6F-417E-A195-BAC952940395}.Release|Any CPU.ActiveCfg = Release|Any CPU
		{D1AD3EF0-4A6F-417E-A195-BAC952940395}.Release|Any CPU.Build.0 = Release|Any CPU
		{5FC352CE-449F-4C5F-9A0D-3F8B6D4458EB}.Debug|Any CPU.ActiveCfg = Debug|Any CPU
		{5FC352CE-449F-4C5F-9A0D-3F8B6D4458EB}.Debug|Any CPU.Build.0 = Debug|Any CPU
		{5FC352CE-449F-4C5F-9A0D-3F8B6D4458EB}.Release|Any CPU.ActiveCfg = Release|Any CPU
		{5FC352CE-449F-4C5F-9A0D-3F8B6D4458EB}.Release|Any CPU.Build.0 = Release|Any CPU
		{585CC091-5A35-4166-A4C5-2D1A552CA235}.Debug|Any CPU.ActiveCfg = Debug|Any CPU
		{585CC091-5A35-4166-A4C5-2D1A552CA235}.Debug|Any CPU.Build.0 = Debug|Any CPU
		{585CC091-5A35-4166-A4C5-2D1A552CA235}.Release|Any CPU.ActiveCfg = Release|Any CPU
		{585CC091-5A35-4166-A4C5-2D1A552CA235}.Release|Any CPU.Build.0 = Release|Any CPU
	EndGlobalSection
	GlobalSection(NestedProjects) = preSolution
		{4838DFD0-C03E-4DFF-A7FE-1A8ED2CEFC7A} = {3C2BA53E-1D52-438D-859C-9BC4021CE28F}
		{B966F05E-3BE2-4D79-9C96-667EC131846A} = {3C2BA53E-1D52-438D-859C-9BC4021CE28F}
		{D6A81936-77E3-42BB-816F-526037F0B883} = {EAEA4CDA-1AB2-407D-8728-3030950B48D2}
		{5EDFF24F-93B0-4146-B937-78C554BC8A4C} = {EAEA4CDA-1AB2-407D-8728-3030950B48D2}
		{9F62D286-C393-41FF-A063-D3D11089AEF1} = {009BF701-C80D-4A7F-9D2C-E686421A2AD8}
		{BFCE6BBA-625A-47AA-AAD8-61C21F280759} = {009BF701-C80D-4A7F-9D2C-E686421A2AD8}
		{13974455-14F7-408F-96EF-B38FE9DE575A} = {D6906695-7784-4E85-9AEE-2859132D5813}
		{E5580632-CD95-4F26-BEE9-2844D735AC86} = {D6906695-7784-4E85-9AEE-2859132D5813}
		{F308E2D4-9250-44BD-A25E-78C260F9A807} = {3253DC0B-61DA-40CF-BDCE-2B3E64B1B62C}
		{D1AD3EF0-4A6F-417E-A195-BAC952940395} = {3253DC0B-61DA-40CF-BDCE-2B3E64B1B62C}
		{5FC352CE-449F-4C5F-9A0D-3F8B6D4458EB} = {525EBC66-81AC-4FCB-827B-2A95AE86FF0B}
		{585CC091-5A35-4166-A4C5-2D1A552CA235} = {525EBC66-81AC-4FCB-827B-2A95AE86FF0B}
	EndGlobalSection
EndGlobal
